
Microsoft Visual Studio Solution File, Format Version 12.00
# Visual Studio Version 17
VisualStudioVersion = 17.8.34408.163
MinimumVisualStudioVersion = 10.0.40219.1
Project("{FAE04EC0-301F-11D3-BF4B-00C04F79EFBC}") = "Lab sheet1(Q5)", "Lab sheet1(Q5)\Lab sheet1(Q5).csproj", "{CBCE2C36-CC65-4D01-9C28-7C67F422038C}"
EndProject
Global
	GlobalSection(SolutionConfigurationPlatforms) = preSolution
		Debug|Any CPU = Debug|Any CPU
		Release|Any CPU = Release|Any CPU
	EndGlobalSection
	GlobalSection(ProjectConfigurationPlatforms) = postSolution
		{CBCE2C36-CC65-4D01-9C28-7C67F422038C}.Debug|Any CPU.ActiveCfg = Debug|Any CPU
		{CBCE2C36-CC65-4D01-9C28-7C67F422038C}.Debug|Any CPU.Build.0 = Debug|Any CPU
		{CBCE2C36-CC65-4D01-9C28-7C67F422038C}.Release|Any CPU.ActiveCfg = Release|Any CPU
		{CBCE2C36-CC65-4D01-9C28-7C67F422038C}.Release|Any CPU.Build.0 = Release|Any CPU
	EndGlobalSection
	GlobalSection(SolutionProperties) = preSolution
		HideSolutionNode = FALSE
	EndGlobalSection
	GlobalSection(ExtensibilityGlobals) = postSolution
		SolutionGuid = {69F91C31-3063-4656-8E04-71E90EAA6B4B}
	EndGlobalSection
EndGlobal
